{
  "nodes": {
    "argon2-master": {
      "inputs": {
        "flakeNimbleLib": [
          "flakeNimbleLib"
        ],
        "nixpkgs": [
          "nixpkgs"
        ],
        "src-argon2-master": "src-argon2-master"
      },
      "locked": {
        "dir": "master",
        "lastModified": 1662254339,
        "narHash": "sha256-vUfHgbE4HpK562QG5S/2gVp/bdg9JBYoEEzAPp2X23w=",
        "owner": "nim-nix-pkgs",
        "repo": "argon2",
        "rev": "85fd5b037f1176f537810fa31f41ddc266a421a5",
        "type": "github"
      },
      "original": {
        "dir": "master",
        "owner": "nim-nix-pkgs",
        "ref": "master",
        "repo": "argon2",
        "type": "github"
      }
    },
    "argon2-v1_0_0": {
      "inputs": {
        "flakeNimbleLib": [
          "flakeNimbleLib"
        ],
        "nixpkgs": [
          "nixpkgs"
        ],
        "src-argon2-v1_0_0": "src-argon2-v1_0_0"
      },
      "locked": {
        "dir": "v1_0_0",
        "lastModified": 1662254339,
        "narHash": "sha256-vUfHgbE4HpK562QG5S/2gVp/bdg9JBYoEEzAPp2X23w=",
        "owner": "nim-nix-pkgs",
        "repo": "argon2",
        "rev": "85fd5b037f1176f537810fa31f41ddc266a421a5",
        "type": "github"
      },
      "original": {
        "dir": "v1_0_0",
        "owner": "nim-nix-pkgs",
        "ref": "master",
        "repo": "argon2",
        "type": "github"
      }
    },
    "argon2-v1_0_1": {
      "inputs": {
        "flakeNimbleLib": [
          "flakeNimbleLib"
        ],
        "nixpkgs": [
          "nixpkgs"
        ],
        "src-argon2-v1_0_1": "src-argon2-v1_0_1"
      },
      "locked": {
        "dir": "v1_0_1",
        "lastModified": 1662254339,
        "narHash": "sha256-vUfHgbE4HpK562QG5S/2gVp/bdg9JBYoEEzAPp2X23w=",
        "owner": "nim-nix-pkgs",
        "repo": "argon2",
        "rev": "85fd5b037f1176f537810fa31f41ddc266a421a5",
        "type": "github"
      },
      "original": {
        "dir": "v1_0_1",
        "owner": "nim-nix-pkgs",
        "ref": "master",
        "repo": "argon2",
        "type": "github"
      }
    },
    "flakeNimbleLib": {
      "inputs": {
        "nixpkgs": [
          "nixpkgs"
        ]
      },
      "locked": {
        "lastModified": 1662018438,
        "narHash": "sha256-QtNtU6+LX3Wokxf0zlFwKTFOcn6TeDjKQZ+DA9OYtvM=",
        "owner": "riinr",
        "repo": "nim-flakes-lib",
        "rev": "b1fe8340736e3a85d25c709ac3dfd82a55c03cbf",
        "type": "github"
      },
      "original": {
        "owner": "riinr",
        "ref": "master",
        "repo": "nim-flakes-lib",
        "type": "github"
      }
    },
    "nixpkgs": {
      "locked": {
        "lastModified": 1667110639,
        "narHash": "sha256-4FbPESZ5LbqQxkJJJBAfk/zKgF9h/4kyUwjjpJwYlbc=",
        "owner": "NixOS",
        "repo": "nixpkgs",
        "rev": "f38a1f04d1bec1feb61fd101a0539ae2002a7087",
        "type": "github"
      },
      "original": {
        "id": "nixpkgs",
        "type": "indirect"
      }
    },
    "root": {
      "inputs": {
        "argon2-master": "argon2-master",
        "argon2-v1_0_0": "argon2-v1_0_0",
        "argon2-v1_0_1": "argon2-v1_0_1",
        "flakeNimbleLib": "flakeNimbleLib",
        "nixpkgs": "nixpkgs"
      }
    },
    "src-argon2-master": {
      "flake": false,
      "locked": {
        "lastModified": 1579191818,
        "narHash": "sha256-gN2pgx8VZzP5dC9IQIyCA0J4kTOwIdeKnwuXGZOqHQ8=",
        "owner": "Ahrotahn",
        "repo": "argon2",
        "rev": "10691c6291ecb6448cdc1c328ecaacfca79916d0",
        "type": "github"
      },
      "original": {
        "owner": "Ahrotahn",
        "ref": "refs/heads/master",
        "repo": "argon2",
        "type": "github"
      }
    },
    "src-argon2-v1_0_0": {
      "flake": false,
      "locked": {
        "lastModified": 1573666163,
        "narHash": "sha256-Y1YFFWKv4cKWQg3kWMIHt0lkyHwSKfUd2tNHnNaFD1w=",
        "owner": "Ahrotahn",
        "repo": "argon2",
        "rev": "436bf260e31940006ced08f22565c780c68bd232",
        "type": "github"
      },
      "original": {
        "owner": "Ahrotahn",
        "ref": "refs/tags/v1.0.0",
        "repo": "argon2",
        "type": "github"
      }
    },
    "src-argon2-v1_0_1": {
      "flake": false,
      "locked": {
        "lastModified": 1579191818,
        "narHash": "sha256-gN2pgx8VZzP5dC9IQIyCA0J4kTOwIdeKnwuXGZOqHQ8=",
        "owner": "Ahrotahn",
        "repo": "argon2",
        "rev": "10691c6291ecb6448cdc1c328ecaacfca79916d0",
        "type": "github"
      },
      "original": {
        "owner": "Ahrotahn",
        "ref": "refs/tags/v1.0.1",
        "repo": "argon2",
        "type": "github"
      }
    }
  },
  "root": "root",
  "version": 7
}
